Microsoft Visual Studio Solution File, Format Version 12.00
# Visual Studio Version 17
VisualStudioVersion = 17.13.35828.75
MinimumVisualStudioVersion = 10.0.40219.1
Project("{FAE04EC0-301F-11D3-BF4B-00C04F79EFBC}") = "AuthZI.MicrosoftOrleans.IdentityServer.SampleApiAndSiloHost", "AuthZI.MicrosoftOrleans.IdentityServer.SampleApiAndSiloHost\AuthZI.MicrosoftOrleans.IdentityServer.SampleApiAndSiloHost.csproj", "{D9A04681-111F-AED6-43DB-75936DACBA4A}"
EndProject
Project("{FAE04EC0-301F-11D3-BF4B-00C04F79EFBC}") = "AuthZI.MicrosoftOrleans.IdentityServer.SampleIdentityServer", "AuthZI.MicrosoftOrleans.IdentityServer.SampleIdentityServer\AuthZI.MicrosoftOrleans.IdentityServer.SampleIdentityServer.csproj", "{86A1761C-B6B2-BE3E-3A5D-2AAA83C854B4}"
EndProject
Project("{FAE04EC0-301F-11D3-BF4B-00C04F79EFBC}") = "AuthZI.MicrosoftOrleans.IdentityServer.SampleWebClient", "AuthZI.MicrosoftOrleans.IdentityServer.SampleWebClient\AuthZI.MicrosoftOrleans.IdentityServer.SampleWebClient.csproj", "{169B80DC-F2DC-3439-1CF9-F71D3487CED2}"
EndProject
Global
	GlobalSection(SolutionConfigurationPlatforms) = preSolution
		Debug|Any CPU = Debug|Any CPU
		Release|Any CPU = Release|Any CPU
	EndGlobalSection
	GlobalSection(ProjectConfigurationPlatforms) = postSolution
		{D9A04681-111F-AED6-43DB-75936DACBA4A}.Debug|Any CPU.ActiveCfg = Debug|Any CPU
		{D9A04681-111F-AED6-43DB-75936DACBA4A}.Debug|Any CPU.Build.0 = Debug|Any CPU
		{D9A04681-111F-AED6-43DB-75936DACBA4A}.Release|Any CPU.ActiveCfg = Release|Any CPU
		{D9A04681-111F-AED6-43DB-75936DACBA4A}.Release|Any CPU.Build.0 = Release|Any CPU
		{86A1761C-B6B2-BE3E-3A5D-2AAA83C854B4}.Debug|Any CPU.ActiveCfg = Debug|Any CPU
		{86A1761C-B6B2-BE3E-3A5D-2AAA83C854B4}.Debug|Any CPU.Build.0 = Debug|Any CPU
		{86A1761C-B6B2-BE3E-3A5D-2AAA83C854B4}.Release|Any CPU.ActiveCfg = Release|Any CPU
		{86A1761C-B6B2-BE3E-3A5D-2AAA83C854B4}.Release|Any CPU.Build.0 = Release|Any CPU
		{169B80DC-F2DC-3439-1CF9-F71D3487CED2}.Debug|Any CPU.ActiveCfg = Debug|Any CPU
		{169B80DC-F2DC-3439-1CF9-F71D3487CED2}.Debug|Any CPU.Build.0 = Debug|Any CPU
		{169B80DC-F2DC-3439-1CF9-F71D3487CED2}.Release|Any CPU.ActiveCfg = Release|Any CPU
		{169B80DC-F2DC-3439-1CF9-F71D3487CED2}.Release|Any CPU.Build.0 = Release|Any CPU
	EndGlobalSection
	GlobalSection(SolutionProperties) = preSolution
		HideSolutionNode = FALSE
	EndGlobalSection
	GlobalSection(ExtensibilityGlobals) = postSolution
		SolutionGuid = {A8B15F35-C161-4D32-8F0C-980FB59ADE5D}
	EndGlobalSection
EndGlobal
